{
  "nodes": {
    "home-manager": {
      "inputs": {
        "nixpkgs": [
          "nixpkgs"
        ]
      },
      "locked": {
        "lastModified": 1790215976,
        "narHash": "sha256-VkR1rMGyjU9jtw8ISFx5uqR9e+LEaOlhHwrseFkiIVk=",
        "owner": "nix-community",
        "repo": "home-manager",
        "rev": "a6631107a83ceab5872f298a2ea710859c80c4cb",
        "type": "github"
      },
      "original": {
        "owner": "nix-community",
        "ref": "release-26.05",
        "repo": "home-manager",
        "type": "github"
      }
    },
    "nix-secrets": {
      "inputs": {
        "nixpkgs": "nixpkgs"
      },
      "locked": {
        "lastModified": 1788871023,
        "narHash": "sha256-YLhTVDlF5N6LPDgcXuC0DrceZ+oSgbnaPQ4AMCUchDY=",
        "owner": "unnamed-systems",
        "repo": "nix-secrets",
        "rev": "09823e5a32e4fe3a13f3d5a56d4754c160a07bea",
        "type": "github"
      },
      "original": {
        "owner": "unnamed-systems",
        "ref": "dev",
        "repo": "nix-secrets",
        "type": "github"
      }
    },
    "nixpkgs": {
      "locked": {
        "lastModified": 1787736819,
        "narHash": "sha256-IkjmqLoWzeqBAi1VIkdhDLMGjQDJ4suEDp59Zwxpswg=",
        "rev": "9fbb54b33e91ee4ca368e35a78e0613c720600b3",
        "type": "tarball",
        "url": "https://releases.nixos.org/nixos/unstable/nixos-26.11pre1062397.9fbb54b33e91/nixexprs.tar.xz"
      },
      "original": {
        "type": "tarball",
        "url": "https://nixos.org/channels/nixos-unstable/nixexprs.tar.xz"
      }
    },
    "nixpkgs-unstable": {
      "locked": {
        "lastModified": 1790390834,
        "narHash": "sha256-StRyS/lFHtIw/UgJk+xo+HA66mtoWeDUbkJdvf2Byn4=",
        "owner": "NixOS",
        "repo": "nixpkgs",
        "rev": "d54020a6ac3211e9f4201631bdf67678818c0cdf",
        "type": "github"
      },
      "original": {
        "owner": "NixOS",
        "ref": "nixpkgs-unstable",
        "repo": "nixpkgs",
        "type": "github"
      }
    },
    "nixpkgs_2": {
      "locked": {
        "lastModified": 1790340521,
        "narHash": "sha256-7CLWYUrZU7w6X7y3VBohp2TUhQb0CjiEUbPE6WaOdK4=",
        "rev": "f5c082a40f7571c266e74e80ae2e68aadd8a9fc7",
        "type": "tarball",
        "url": "https://releases.nixos.org/nixos/26.05/nixos-26.05.10620.f5c082a40f75/nixexprs.tar.zst"
      },
      "original": {
        "id": "nixpkgs",
        "ref": "nixos-26.05",
        "type": "indirect"
      }
    },
    "nixpkgs_3": {
      "locked": {
        "lastModified": 1785571196,
        "narHash": "sha256-xwSqxTsama0YTtS78+4YyCm6jJg09v78QWfP1cAyoVA=",
        "rev": "148bab9c1c3c53136ecb44a6ea356a0ed5b39b06",
        "type": "tarball",
        "url": "https://releases.nixos.org/nixos/unstable/nixos-26.11pre1045728.148bab9c1c3c/nixexprs.tar.xz"
      },
      "original": {
        "type": "tarball",
        "url": "https://channels.nixos.org/nixos-unstable/nixexprs.tar.xz"
      }
    },
    "noctalia": {
      "inputs": {
        "nixpkgs": [
          "nixpkgs"
        ]
      },
      "locked": {
        "lastModified": 1790412940,
        "narHash": "sha256-gfqQVe9f9vSdCaof+t4f+ucV82Eg0lfLa0W39hwgwgQ=",
        "owner": "noctalia-dev",
        "repo": "noctalia",
        "rev": "0433e3f8517ffc615906f6a17ac824724353aefb",
        "type": "github"
      },
      "original": {
        "owner": "noctalia-dev",
        "repo": "noctalia",
        "type": "github"
      }
    },
    "noctalia-greeter": {
      "inputs": {
        "nixpkgs": [
          "nixpkgs"
        ]
      },
      "locked": {
        "lastModified": 1790261545,
        "narHash": "sha256-isUUxY1OmlfWox0lEHz0pbcs4TdEZ4/Pfkj/Fku5Q1s=",
        "owner": "noctalia-dev",
        "repo": "noctalia-greeter",
        "rev": "212f559d9c1ca18295b786c2d54ef78ca6895659",
        "type": "github"
      },
      "original": {
        "owner": "noctalia-dev",
        "repo": "noctalia-greeter",
        "type": "github"
      }
    },
    "root": {
      "inputs": {
        "home-manager": "home-manager",
        "nix-secrets": "nix-secrets",
        "nixpkgs": "nixpkgs_2",
        "nixpkgs-unstable": "nixpkgs-unstable",
        "noctalia": "noctalia",
        "noctalia-greeter": "noctalia-greeter",
        "umbriel": "umbriel"
      }
    },
    "umbriel": {
      "inputs": {
        "nixpkgs": "nixpkgs_3",
        "xdg-desktop-portal-umbriel": "xdg-desktop-portal-umbriel"
      },
      "locked": {
        "lastModified": 1790386721,
        "narHash": "sha256-Xhhu6dBbRV9Ac/9WSmloUgh3cFBgnqxOYrLiv2j5TSA=",
        "ref": "refs/heads/main",
        "rev": "f2c291d05f649b1560a7c0436648365f1c414659",
        "revCount": 1065,
        "type": "git",
        "url": "https://github.com/noctalia-dev/umbriel"
      },
      "original": {
        "type": "git",
        "url": "https://github.com/noctalia-dev/umbriel"
      }
    },
    "xdg-desktop-portal-umbriel": {
      "inputs": {
        "nixpkgs": [
          "umbriel",
          "nixpkgs"
        ]
      },
      "locked": {
        "lastModified": 1790360004,
        "narHash": "sha256-uvag9ghvyJh1vtZlYP3DKqvUXkafl38XaNtj0wpHsEQ=",
        "owner": "noctalia-dev",
        "repo": "xdg-desktop-portal-umbriel",
        "rev": "744ceeacf353f8e6136647a3a9da487912ad7490",
        "type": "github"
      },
      "original": {
        "owner": "noctalia-dev",
        "repo": "xdg-desktop-portal-umbriel",
        "type": "github"
      }
    }
  },
  "root": "root",
  "version": 7
}
