{
  "nodes": {
    "home-manager": {
      "inputs": {
        "nixpkgs": [
          "nixpkgs"
        ]
      },
      "locked": {
        "lastModified": 1788642154,
        "narHash": "sha256-sPpQFVaFTDqO/4vvCAhuAhqTgqN/ygu+9eJcs5eB0js=",
        "owner": "nix-community",
        "repo": "home-manager",
        "rev": "fd0956c99c41ae3c13a73a638f1f7e963aebc4ab",
        "type": "github"
      },
      "original": {
        "owner": "nix-community",
        "ref": "release-26.05",
        "repo": "home-manager",
        "type": "github"
      }
    },
    "nix-secrets": {
      "inputs": {
        "nixpkgs": "nixpkgs"
      },
      "locked": {
        "lastModified": 1788356805,
        "narHash": "sha256-rxClV4z02Ev/bk0/FpdT5h9Oq4/o16RA7e6LRl1/QtU=",
        "owner": "unnamed-systems",
        "repo": "nix-secrets",
        "rev": "151f264a22b595802647db8fac09a2dbd6cb202c",
        "type": "github"
      },
      "original": {
        "owner": "unnamed-systems",
        "ref": "dev",
        "repo": "nix-secrets",
        "type": "github"
      }
    },
    "nixpkgs": {
      "locked": {
        "lastModified": 1787736819,
        "narHash": "sha256-IkjmqLoWzeqBAi1VIkdhDLMGjQDJ4suEDp59Zwxpswg=",
        "rev": "9fbb54b33e91ee4ca368e35a78e0613c720600b3",
        "type": "tarball",
        "url": "https://releases.nixos.org/nixos/unstable/nixos-26.11pre1062397.9fbb54b33e91/nixexprs.tar.xz"
      },
      "original": {
        "type": "tarball",
        "url": "https://nixos.org/channels/nixos-unstable/nixexprs.tar.xz"
      }
    },
    "nixpkgs-unstable": {
      "locked": {
        "lastModified": 1788686502,
        "narHash": "sha256-C5ETRqK0ji2SGGVpjdsAIv+Yd6m4vB6DOiGPQXP/M34=",
        "owner": "NixOS",
        "repo": "nixpkgs",
        "rev": "94a0f8d9ca5da101ec1cddbdfecfdc1ae1766d04",
        "type": "github"
      },
      "original": {
        "owner": "NixOS",
        "ref": "nixpkgs-unstable",
        "repo": "nixpkgs",
        "type": "github"
      }
    },
    "nixpkgs_2": {
      "locked": {
        "lastModified": 1788690626,
        "narHash": "sha256-aVla+xR1lotA4iEMo6ltSr5oKVvWxBZ8Gc9KjbwxJq8=",
        "rev": "c25784012c9982bca5b3e0de87e90bbdac8927d3",
        "type": "tarball",
        "url": "https://releases.nixos.org/nixos/26.05/nixos-26.05.9227.c25784012c99/nixexprs.tar.xz"
      },
      "original": {
        "id": "nixpkgs",
        "ref": "nixos-26.05",
        "type": "indirect"
      }
    },
    "noctalia": {
      "inputs": {
        "nixpkgs": [
          "nixpkgs"
        ]
      },
      "locked": {
        "lastModified": 1788849228,
        "narHash": "sha256-+hu9NgsdfW4LUm9tIim7wWCE1qzVMFBsPAh/pf4TekI=",
        "owner": "noctalia-dev",
        "repo": "noctalia",
        "rev": "69f623c977e3abb0df114f6f02849b0139e5a2f2",
        "type": "github"
      },
      "original": {
        "owner": "noctalia-dev",
        "repo": "noctalia",
        "type": "github"
      }
    },
    "noctalia-greeter": {
      "inputs": {
        "nixpkgs": [
          "nixpkgs"
        ]
      },
      "locked": {
        "lastModified": 1788702995,
        "narHash": "sha256-/+62D/xOeWw1hXS5Q4O8CbjL06aeOted36Xl12PX1KU=",
        "owner": "noctalia-dev",
        "repo": "noctalia-greeter",
        "rev": "eebac5bf6488ac038c5582a89fb369dc146849d9",
        "type": "github"
      },
      "original": {
        "owner": "noctalia-dev",
        "repo": "noctalia-greeter",
        "type": "github"
      }
    },
    "root": {
      "inputs": {
        "home-manager": "home-manager",
        "nix-secrets": "nix-secrets",
        "nixpkgs": "nixpkgs_2",
        "nixpkgs-unstable": "nixpkgs-unstable",
        "noctalia": "noctalia",
        "noctalia-greeter": "noctalia-greeter"
      }
    }
  },
  "root": "root",
  "version": 7
}
